
Microsoft Visual Studio Solution File, Format Version 12.00
# Visual Studio 15
VisualStudioVersion = 15.0.26730.12
MinimumVisualStudioVersion = 10.0.40219.1
Project("{FAE04EC0-301F-11D3-BF4B-00C04F79EFBC}") = "MotherBuilder", "remoteBuilderProtoype\MotherBuilder.csproj", "{66DCF88C-FD91-4085-9B03-F0614A5AD4FD}"
EndProject
Project("{FAE04EC0-301F-11D3-BF4B-00C04F79EFBC}") = "childBuilder", "childBuilder\childBuilder.csproj", "{C8A9EE00-FD45-4A65-BF9D-3414AE38E6B5}"
EndProject
Project("{FAE04EC0-301F-11D3-BF4B-00C04F79EFBC}") = "IMessagePassingCommService", "MessagePassingComm\IService\IMessagePassingCommService.csproj", "{7D2C285E-9231-443E-99F1-7771B141C8F0}"
EndProject
Project("{FAE04EC0-301F-11D3-BF4B-00C04F79EFBC}") = "MessagePassingCommService", "MessagePassingComm\MessagePassingCommService\MessagePassingCommService.csproj", "{6A9DF216-52D2-4E9C-BE52-872DC211FCAE}"
EndProject
Project("{FAE04EC0-301F-11D3-BF4B-00C04F79EFBC}") = "TestUtilities", "MessagePassingComm\TestUtilities\TestUtilities.csproj", "{BF6A68CE-EF4E-40E4-AF2E-CE9BF2B6CFED}"
EndProject
Project("{FAE04EC0-301F-11D3-BF4B-00C04F79EFBC}") = "XMLHandler", "XMLHandler\XMLHandler.csproj", "{33336DB2-EAD9-4593-A0DC-F04BD15B00A5}"
EndProject
Project("{FAE04EC0-301F-11D3-BF4B-00C04F79EFBC}") = "fileHandler", "fileHandler\fileHandler.csproj", "{0CBBD0F8-3700-43AA-9206-579034843C73}"
EndProject
Project("{FAE04EC0-301F-11D3-BF4B-00C04F79EFBC}") = "extensionMethods", "extensionMethods\extensionMethods.csproj", "{B1FFDEF6-83C4-4FBA-9A5E-972F3A1B16C8}"
EndProject
Project("{FAE04EC0-301F-11D3-BF4B-00C04F79EFBC}") = "MockRepository", "MockRepository\MockRepository.csproj", "{B94A762D-3409-4863-9A4D-0FEA4D4F25C0}"
EndProject
Project("{FAE04EC0-301F-11D3-BF4B-00C04F79EFBC}") = "Client", "Client\Client.csproj", "{2E61D7C0-0758-4506-9E47-4AA95884B97F}"
EndProject
Project("{FAE04EC0-301F-11D3-BF4B-00C04F79EFBC}") = "MotherTestHarness", "MotherTestHarness\MotherTestHarness.csproj", "{FEBDB88D-8A78-44C5-B9F2-8BA1F20FF951}"
EndProject
Project("{FAE04EC0-301F-11D3-BF4B-00C04F79EFBC}") = "mockTestHarness", "mockTestHarness\mockTestHarness.csproj", "{76D8CC96-E535-4A0A-AB79-7A887074B248}"
EndProject
Global
	GlobalSection(SolutionConfigurationPlatforms) = preSolution
		Debug|Any CPU = Debug|Any CPU
		Release|Any CPU = Release|Any CPU
	EndGlobalSection
	GlobalSection(ProjectConfigurationPlatforms) = postSolution
		{66DCF88C-FD91-4085-9B03-F0614A5AD4FD}.Debug|Any CPU.ActiveCfg = Debug|Any CPU
		{66DCF88C-FD91-4085-9B03-F0614A5AD4FD}.Debug|Any CPU.Build.0 = Debug|Any CPU
		{66DCF88C-FD91-4085-9B03-F0614A5AD4FD}.Release|Any CPU.ActiveCfg = Release|Any CPU
		{66DCF88C-FD91-4085-9B03-F0614A5AD4FD}.Release|Any CPU.Build.0 = Release|Any CPU
		{C8A9EE00-FD45-4A65-BF9D-3414AE38E6B5}.Debug|Any CPU.ActiveCfg = Debug|Any CPU
		{C8A9EE00-FD45-4A65-BF9D-3414AE38E6B5}.Debug|Any CPU.Build.0 = Debug|Any CPU
		{C8A9EE00-FD45-4A65-BF9D-3414AE38E6B5}.Release|Any CPU.ActiveCfg = Release|Any CPU
		{C8A9EE00-FD45-4A65-BF9D-3414AE38E6B5}.Release|Any CPU.Build.0 = Release|Any CPU
		{7D2C285E-9231-443E-99F1-7771B141C8F0}.Debug|Any CPU.ActiveCfg = Debug|Any CPU
		{7D2C285E-9231-443E-99F1-7771B141C8F0}.Debug|Any CPU.Build.0 = Debug|Any CPU
		{7D2C285E-9231-443E-99F1-7771B141C8F0}.Release|Any CPU.ActiveCfg = Release|Any CPU
		{7D2C285E-9231-443E-99F1-7771B141C8F0}.Release|Any CPU.Build.0 = Release|Any CPU
		{6A9DF216-52D2-4E9C-BE52-872DC211FCAE}.Debug|Any CPU.ActiveCfg = Debug|Any CPU
		{6A9DF216-52D2-4E9C-BE52-872DC211FCAE}.Debug|Any CPU.Build.0 = Debug|Any CPU
		{6A9DF216-52D2-4E9C-BE52-872DC211FCAE}.Release|Any CPU.ActiveCfg = Release|Any CPU
		{6A9DF216-52D2-4E9C-BE52-872DC211FCAE}.Release|Any CPU.Build.0 = Release|Any CPU
		{BF6A68CE-EF4E-40E4-AF2E-CE9BF2B6CFED}.Debug|Any CPU.ActiveCfg = Debug|Any CPU
		{BF6A68CE-EF4E-40E4-AF2E-CE9BF2B6CFED}.Debug|Any CPU.Build.0 = Debug|Any CPU
		{BF6A68CE-EF4E-40E4-AF2E-CE9BF2B6CFED}.Release|Any CPU.ActiveCfg = Release|Any CPU
		{BF6A68CE-EF4E-40E4-AF2E-CE9BF2B6CFED}.Release|Any CPU.Build.0 = Release|Any CPU
		{33336DB2-EAD9-4593-A0DC-F04BD15B00A5}.Debug|Any CPU.ActiveCfg = Debug|Any CPU
		{33336DB2-EAD9-4593-A0DC-F04BD15B00A5}.Debug|Any CPU.Build.0 = Debug|Any CPU
		{33336DB2-EAD9-4593-A0DC-F04BD15B00A5}.Release|Any CPU.ActiveCfg = Release|Any CPU
		{33336DB2-EAD9-4593-A0DC-F04BD15B00A5}.Release|Any CPU.Build.0 = Release|Any CPU
		{0CBBD0F8-3700-43AA-9206-579034843C73}.Debug|Any CPU.ActiveCfg = Debug|Any CPU
		{0CBBD0F8-3700-43AA-9206-579034843C73}.Debug|Any CPU.Build.0 = Debug|Any CPU
		{0CBBD0F8-3700-43AA-9206-579034843C73}.Release|Any CPU.ActiveCfg = Release|Any CPU
		{0CBBD0F8-3700-43AA-9206-579034843C73}.Release|Any CPU.Build.0 = Release|Any CPU
		{B1FFDEF6-83C4-4FBA-9A5E-972F3A1B16C8}.Debug|Any CPU.ActiveCfg = Debug|Any CPU
		{B1FFDEF6-83C4-4FBA-9A5E-972F3A1B16C8}.Debug|Any CPU.Build.0 = Debug|Any CPU
		{B1FFDEF6-83C4-4FBA-9A5E-972F3A1B16C8}.Release|Any CPU.ActiveCfg = Release|Any CPU
		{B1FFDEF6-83C4-4FBA-9A5E-972F3A1B16C8}.Release|Any CPU.Build.0 = Release|Any CPU
		{B94A762D-3409-4863-9A4D-0FEA4D4F25C0}.Debug|Any CPU.ActiveCfg = Debug|Any CPU
		{B94A762D-3409-4863-9A4D-0FEA4D4F25C0}.Debug|Any CPU.Build.0 = Debug|Any CPU
		{B94A762D-3409-4863-9A4D-0FEA4D4F25C0}.Release|Any CPU.ActiveCfg = Release|Any CPU
		{B94A762D-3409-4863-9A4D-0FEA4D4F25C0}.Release|Any CPU.Build.0 = Release|Any CPU
		{2E61D7C0-0758-4506-9E47-4AA95884B97F}.Debug|Any CPU.ActiveCfg = Debug|Any CPU
		{2E61D7C0-0758-4506-9E47-4AA95884B97F}.Debug|Any CPU.Build.0 = Debug|Any CPU
		{2E61D7C0-0758-4506-9E47-4AA95884B97F}.Release|Any CPU.ActiveCfg = Release|Any CPU
		{2E61D7C0-0758-4506-9E47-4AA95884B97F}.Release|Any CPU.Build.0 = Release|Any CPU
		{FEBDB88D-8A78-44C5-B9F2-8BA1F20FF951}.Debug|Any CPU.ActiveCfg = Debug|Any CPU
		{FEBDB88D-8A78-44C5-B9F2-8BA1F20FF951}.Debug|Any CPU.Build.0 = Debug|Any CPU
		{FEBDB88D-8A78-44C5-B9F2-8BA1F20FF951}.Release|Any CPU.ActiveCfg = Release|Any CPU
		{FEBDB88D-8A78-44C5-B9F2-8BA1F20FF951}.Release|Any CPU.Build.0 = Release|Any CPU
		{76D8CC96-E535-4A0A-AB79-7A887074B248}.Debug|Any CPU.ActiveCfg = Debug|Any CPU
		{76D8CC96-E535-4A0A-AB79-7A887074B248}.Debug|Any CPU.Build.0 = Debug|Any CPU
		{76D8CC96-E535-4A0A-AB79-7A887074B248}.Release|Any CPU.ActiveCfg = Release|Any CPU
		{76D8CC96-E535-4A0A-AB79-7A887074B248}.Release|Any CPU.Build.0 = Release|Any CPU
	EndGlobalSection
	GlobalSection(SolutionProperties) = preSolution
		HideSolutionNode = FALSE
	EndGlobalSection
	GlobalSection(ExtensibilityGlobals) = postSolution
		SolutionGuid = {09E69153-4F62-4ABA-AB2E-05AA93F5CC4F}
	EndGlobalSection
EndGlobal
